
Microsoft Visual Studio Solution File, Format Version 12.00
# Visual Studio Version 16
VisualStudioVersion = 16.0.33529.622
MinimumVisualStudioVersion = 10.0.40219.1
Project("{FAE04EC0-301F-11D3-BF4B-00C04F79EFBC}") = "ContPAQi", "ContPAQi.csproj", "{8901057F-D3E6-41A6-829D-AFC9ABF84A24}"
EndProject
Global
	GlobalSection(SolutionConfigurationPlatforms) = preSolution
		Debug|Any CPU = Debug|Any CPU
		Release|Any CPU = Release|Any CPU
	EndGlobalSection
	GlobalSection(ProjectConfigurationPlatforms) = postSolution
		{8901057F-D3E6-41A6-829D-AFC9ABF84A24}.Debug|Any CPU.ActiveCfg = Debug|Any CPU
		{8901057F-D3E6-41A6-829D-AFC9ABF84A24}.Debug|Any CPU.Build.0 = Debug|Any CPU
		{8901057F-D3E6-41A6-829D-AFC9ABF84A24}.Release|Any CPU.ActiveCfg = Release|Any CPU
		{8901057F-D3E6-41A6-829D-AFC9ABF84A24}.Release|Any CPU.Build.0 = Release|Any CPU
	EndGlobalSection
	GlobalSection(SolutionProperties) = preSolution
		HideSolutionNode = FALSE
	EndGlobalSection
	GlobalSection(ExtensibilityGlobals) = postSolution
		SolutionGuid = {C28D0F71-C027-452E-94F5-61F718634BBE}
	EndGlobalSection
EndGlobal
